// !$*UTF8*$!
{
	archiveVersion = 1;
	classes = {
	};
	objectVersion = 77;
	objects = {

/* Begin PBXBuildFile section */
		13A48E68A14A4034A93349C2 /* ErrorOverlayView.swift in Sources */ = {isa = PBXBuildFile; fileRef = 4AC479D57ADC4A0A83AC1191 /* ErrorOverlayView.swift */; };
		2E3A1F5EFCEB4D61BEE0A287 /* ViewViewerTransitions.swift in Sources */ = {isa = PBXBuildFile; fileRef = 6619C6ADAF6F48B29CAF6AC1 /* ViewViewerTransitions.swift */; };
		3DDB3321273E42159E379CCC /* ViewViewerGlassEffect.swift in Sources */ = {isa = PBXBuildFile; fileRef = C34F7F1AC3094DCD8D5046DD /* ViewViewerGlassEffect.swift */; };
		5772E5C57E714FF9BF708A4F /* Placeholder3DView.swift in Sources */ = {isa = PBXBuildFile; fileRef = 986815EC54BD4283AD1D12F3 /* Placeholder3DView.swift */; };
		70988EF6CDAD42E29ACD3393 /* SidebarView.swift in Sources */ = {isa = PBXBuildFile; fileRef = 829A90921FF94718ABC0F784 /* SidebarView.swift */; };
		C4DE3750A595481883581D5C /* CrosshairOverlay.swift in Sources */ = {isa = PBXBuildFile; fileRef = 0D8B3C3979B7413EA9E9FB40 /* CrosshairOverlay.swift */; };
		C50D94C06D704467883AEAE7 /* InspectorView.swift in Sources */ = {isa = PBXBuildFile; fileRef = 577345CA560B4506B83EF171 /* InspectorView.swift */; };
		D37FDDF0DA3C4B6E8B944957 /* LoadingOverlayView.swift in Sources */ = {isa = PBXBuildFile; fileRef = 6A43C29D672D413AB30D92FB /* LoadingOverlayView.swift */; };
		D917FFCACA4A43C9A3B6B1A7 /* ExportSheetView.swift in Sources */ = {isa = PBXBuildFile; fileRef = 65AA36EE534B437F82D1DB5C /* ExportSheetView.swift */; };
		B1B1B1B1B1B1B1B1B1B1B1B1 /* ViewportOrientationLabels.swift in Sources */ = {isa = PBXBuildFile; fileRef = A1A1A1A1A1A1A1A1A1A1A1A1 /* ViewportOrientationLabels.swift */; };
		B2B2B2B2B2B2B2B2B2B2B2B2 /* OrientationLabelsOverlay.swift in Sources */ = {isa = PBXBuildFile; fileRef = A2A2A2A2A2A2A2A2A2A2A2A2 /* OrientationLabelsOverlay.swift */; };
		FA0DAD5D1809411D9AF1A1DD /* ViewportView.swift in Sources */ = {isa = PBXBuildFile; fileRef = B50E993A984B4B1E92CBB700 /* ViewportView.swift */; };
		FBEDEF8A7BD94ACE91518B32 /* MeasurementOverlay.swift in Sources */ = {isa = PBXBuildFile; fileRef = 7AFC40FE1F0B4C0081C7DFB7 /* MeasurementOverlay.swift */; };
		FF303CE52EFB290000CD8E2B /* NeurometricaIcon.icon in Resources */ = {isa = PBXBuildFile; fileRef = FF303CE42EFB290000CD8E2B /* NeurometricaIcon.icon */; };
		FF3DD3C62EF8DDAA00AF5665 /* ContentView.swift in Sources */ = {isa = PBXBuildFile; fileRef = FF3DD3C52EF8DDA400AF5665 /* ContentView.swift */; };
		FF7A019E2EC7EDB900CD988F /* CIImage2DImage.swift in Sources */ = {isa = PBXBuildFile; fileRef = FF7A019D2EC7EDB600CD988F /* CIImage2DImage.swift */; };
		FF7BB3842EE2422700643382 /* ChromaEngineKit in Frameworks */ = {isa = PBXBuildFile; productRef = FF7BB3832EE2422700643382 /* ChromaEngineKit */; };
		FF7BB3872EE244CE00643382 /* ChromaEngineKit in Frameworks */ = {isa = PBXBuildFile; productRef = FF7BB3862EE244CE00643382 /* ChromaEngineKit */; };
		FF9BB7332EC6D8FA000F271C /* NeuroMetricaUITestsLaunchTests.swift in Sources */ = {isa = PBXBuildFile; fileRef = FFC408F82EC6C90A00315F9C /* NeuroMetricaUITestsLaunchTests.swift */; };
		FF9BB7342EC6D8FA000F271C /* NeuroMetricaUITests.swift in Sources */ = {isa = PBXBuildFile; fileRef = FFC408F72EC6C90A00315F9C /* NeuroMetricaUITests.swift */; };
		FF9BB7352EC6D903000F271C /* NeuroMetricaTests.swift in Sources */ = {isa = PBXBuildFile; fileRef = FFC408F52EC6C90A00315F9C /* NeuroMetricaTests.swift */; };
		B0DF5D00C8C84573BB476030 /* LaunchScreen.storyboard in Resources */ = {isa = PBXBuildFile; fileRef = 1033F69326094C25AFF6C615 /* LaunchScreen.storyboard */; platformFilter = ios; };
		FF9BB7692EC7199D000F271C /* Assets.xcassets in Resources */ = {isa = PBXBuildFile; fileRef = FF9BB7672EC7199D000F271C /* Assets.xcassets */; };
		FF9BB76A2EC7199D000F271C /* SliceNavigationView.swift in Sources */ = {isa = PBXBuildFile; fileRef = FF9BB7612EC7199D000F271C /* SliceNavigationView.swift */; };
		FF9BB76B2EC7199D000F271C /* SettingsView.swift in Sources */ = {isa = PBXBuildFile; fileRef = FF9BB7592EC7199D000F271C /* SettingsView.swift */; };
		FF9BB76C2EC7199D000F271C /* DebugOverlayViewModel.swift in Sources */ = {isa = PBXBuildFile; fileRef = FF9BB74B2EC7199D000F271C /* DebugOverlayViewModel.swift */; };
		FF9BB76D2EC7199D000F271C /* ImportView.swift in Sources */ = {isa = PBXBuildFile; fileRef = FF9BB7542EC7199D000F271C /* ImportView.swift */; };
		FF9BB76E2EC7199D000F271C /* AppSettings.swift in Sources */ = {isa = PBXBuildFile; fileRef = FF9BB73A2EC7199D000F271C /* AppSettings.swift */; };
		FF9BB76F2EC7199D000F271C /* ViewerView.swift in Sources */ = {isa = PBXBuildFile; fileRef = FF9BB7622EC7199D000F271C /* ViewerView.swift */; };
		FFAA10012F6A0001 /* TriPlanarMPRView.swift in Sources */ = {isa = PBXBuildFile; fileRef = FFAA10002F6A0001 /* TriPlanarMPRView.swift */; };
		FF9BB7702EC7199D000F271C /* ChromaEngineBridge.swift in Sources */ = {isa = PBXBuildFile; fileRef = FF9BB73F2EC7199D000F271C /* ChromaEngineBridge.swift */; };
		FF9BB7712EC7199D000F271C /* ImportSource.swift in Sources */ = {isa = PBXBuildFile; fileRef = FF9BB7502EC7199D000F271C /* ImportSource.swift */; };
		FF9BB7722EC7199D000F271C /* NeuroMetricaApp.swift in Sources */ = {isa = PBXBuildFile; fileRef = FF9BB7372EC7199D000F271C /* NeuroMetricaApp.swift */; };
		FF9BB7732EC7199D000F271C /* WWLControlsView.swift in Sources */ = {isa = PBXBuildFile; fileRef = FF9BB7632EC7199D000F271C /* WWLControlsView.swift */; };
		FF9BB7742EC7199D000F271C /* ViewerState.swift in Sources */ = {isa = PBXBuildFile; fileRef = FF9BB75C2EC7199D000F271C /* ViewerState.swift */; };
		FF9BB7752EC7199D000F271C /* OrientationControlView.swift in Sources */ = {isa = PBXBuildFile; fileRef = FF9BB7602EC7199D000F271C /* OrientationControlView.swift */; };
		FF9BB7762EC7199D000F271C /* AppError.swift in Sources */ = {isa = PBXBuildFile; fileRef = FF9BB7392EC7199D000F271C /* AppError.swift */; };
		FF9BB7772EC7199D000F271C /* AppContainer.swift in Sources */ = {isa = PBXBuildFile; fileRef = FF9BB7362EC7199D000F271C /* AppContainer.swift */; };
		FF9BB7782EC7199D000F271C /* HeritagePACSTheme.swift in Sources */ = {isa = PBXBuildFile; fileRef = FF9BB7442EC7199D000F271C /* HeritagePACSTheme.swift */; };
		FF9BB7792EC7199D000F271C /* SettingsViewModel.swift in Sources */ = {isa = PBXBuildFile; fileRef = FF9BB7572EC7199D000F271C /* SettingsViewModel.swift */; };
		FF9BB77A2EC7199D000F271C /* ViewNeuroMetrica.swift in Sources */ = {isa = PBXBuildFile; fileRef = FF9BB7452EC7199D000F271C /* ViewNeuroMetrica.swift */; };
		FF9BB77B2EC7199D000F271C /* MainThreadExecutor.swift in Sources */ = {isa = PBXBuildFile; fileRef = FF9BB7472EC7199D000F271C /* MainThreadExecutor.swift */; };
		FF9BB77C2EC7199D000F271C /* RecentFilesStore.swift in Sources */ = {isa = PBXBuildFile; fileRef = FF9BB73D2EC7199D000F271C /* RecentFilesStore.swift */; };
		FF9BB77D2EC7199D000F271C /* ViewerViewModel.swift in Sources */ = {isa = PBXBuildFile; fileRef = FF9BB75E2EC7199D000F271C /* ViewerViewModel.swift */; };
		FF9BB77E2EC7199D000F271C /* DebugOverlayView.swift in Sources */ = {isa = PBXBuildFile; fileRef = FF9BB74D2EC7199D000F271C /* DebugOverlayView.swift */; };
		FF9BB77F2EC7199D000F271C /* ImportViewModel.swift in Sources */ = {isa = PBXBuildFile; fileRef = FF9BB7522EC7199D000F271C /* ImportViewModel.swift */; };
		FF9BB7802EC7199D000F271C /* AppLogger.swift in Sources */ = {isa = PBXBuildFile; fileRef = FF9BB7412EC7199D000F271C /* AppLogger.swift */; };
		A3A3A3A3A3A3A3A3A3A3A3A3 /* MetadataDiagnostics.swift in Sources */ = {isa = PBXBuildFile; fileRef = A4A4A4A4A4A4A4A4A4A4A4A4 /* MetadataDiagnostics.swift */; };
		A5A5A5A5A5A5A5A5A5A5A5A5 /* ImageDataDiagnostics.swift in Sources */ = {isa = PBXBuildFile; fileRef = A6A6A6A6A6A6A6A6A6A6A6A6 /* ImageDataDiagnostics.swift */; };
		FF9BB7812EC7199D000F271C /* FilePickerService.swift in Sources */ = {isa = PBXBuildFile; fileRef = FF9BB73C2EC7199D000F271C /* FilePickerService.swift */; };
		FFA9EFF52EF663290073AA65 /* OrientationAliases.swift in Sources */ = {isa = PBXBuildFile; fileRef = FFA9EFF42EF6631F0073AA65 /* OrientationAliases.swift */; };
		FFAB12032F5A0001 /* LoadingViewModel.swift in Sources */ = {isa = PBXBuildFile; fileRef = FFAB12012F5A0001 /* LoadingViewModel.swift */; };
		FFAB12042F5A0001 /* LoadingView.swift in Sources */ = {isa = PBXBuildFile; fileRef = FFAB12022F5A0001 /* LoadingView.swift */; };
		FFB120052F5B0001 /* VolumeOpenRouting.swift in Sources */ = {isa = PBXBuildFile; fileRef = FFB120042F5B0001 /* VolumeOpenRouting.swift */; };
		FFCCB0012F00000100000001 /* Study.swift in Sources */ = {isa = PBXBuildFile; fileRef = FFCCB0012F00000100000002 /* Study.swift */; };
		FFCCB0032F00000100000003 /* StudySeries.swift in Sources */ = {isa = PBXBuildFile; fileRef = FFCCB0032F00000100000004 /* StudySeries.swift */; };
		FFCCB0102F00000100000010 /* ViewerErrorPresenter.swift in Sources */ = {isa = PBXBuildFile; fileRef = FFCCB0112F00000100000011 /* ViewerErrorPresenter.swift */; };
		FFF457555AB14674B8AC2D84 /* CanvasView.swift in Sources */ = {isa = PBXBuildFile; fileRef = 44BB442C53914EB5BF4F2EB8 /* CanvasView.swift */; };
/* End PBXBuildFile section */

/* Begin PBXContainerItemProxy section */
		FFB3E2222EC54F1900EBFFE6 /* PBXContainerItemProxy */ = {
			isa = PBXContainerItemProxy;
			containerPortal = FFB3E20C2EC54F1600EBFFE6 /* Project object */;
			proxyType = 1;
			remoteGlobalIDString = FFB3E2132EC54F1600EBFFE6;
			remoteInfo = NeuroMetrica;
		};
		FFB3E22C2EC54F1900EBFFE6 /* PBXContainerItemProxy */ = {
			isa = PBXContainerItemProxy;
			containerPortal = FFB3E20C2EC54F1600EBFFE6 /* Project object */;
			proxyType = 1;
			remoteGlobalIDString = FFB3E2132EC54F1600EBFFE6;
			remoteInfo = NeuroMetrica;
		};
/* End PBXContainerItemProxy section */

/* Begin PBXFileReference section */
		0D8B3C3979B7413EA9E9FB40 /* CrosshairOverlay.swift */ = {isa = PBXFileReference; lastKnownFileType = sourcecode.swift; path = CrosshairOverlay.swift; sourceTree = "<group>"; };
		44BB442C53914EB5BF4F2EB8 /* CanvasView.swift */ = {isa = PBXFileReference; lastKnownFileType = sourcecode.swift; path = CanvasView.swift; sourceTree = "<group>"; };
		4AC479D57ADC4A0A83AC1191 /* ErrorOverlayView.swift */ = {isa = PBXFileReference; lastKnownFileType = sourcecode.swift; path = ErrorOverlayView.swift; sourceTree = "<group>"; };
		577345CA560B4506B83EF171 /* InspectorView.swift */ = {isa = PBXFileReference; lastKnownFileType = sourcecode.swift; path = InspectorView.swift; sourceTree = "<group>"; };
		65AA36EE534B437F82D1DB5C /* ExportSheetView.swift */ = {isa = PBXFileReference; lastKnownFileType = sourcecode.swift; path = ExportSheetView.swift; sourceTree = "<group>"; };
		6619C6ADAF6F48B29CAF6AC1 /* ViewViewerTransitions.swift */ = {isa = PBXFileReference; lastKnownFileType = sourcecode.swift; path = ViewViewerTransitions.swift; sourceTree = "<group>"; };
		6A43C29D672D413AB30D92FB /* LoadingOverlayView.swift */ = {isa = PBXFileReference; lastKnownFileType = sourcecode.swift; path = LoadingOverlayView.swift; sourceTree = "<group>"; };
		7AFC40FE1F0B4C0081C7DFB7 /* MeasurementOverlay.swift */ = {isa = PBXFileReference; lastKnownFileType = sourcecode.swift; path = MeasurementOverlay.swift; sourceTree = "<group>"; };
		829A90921FF94718ABC0F784 /* SidebarView.swift */ = {isa = PBXFileReference; lastKnownFileType = sourcecode.swift; path = SidebarView.swift; sourceTree = "<group>"; };
		986815EC54BD4283AD1D12F3 /* Placeholder3DView.swift */ = {isa = PBXFileReference; lastKnownFileType = sourcecode.swift; path = Placeholder3DView.swift; sourceTree = "<group>"; };
		A1A1A1A1A1A1A1A1A1A1A1A1 /* ViewportOrientationLabels.swift */ = {isa = PBXFileReference; lastKnownFileType = sourcecode.swift; path = ViewportOrientationLabels.swift; sourceTree = "<group>"; };
		A2A2A2A2A2A2A2A2A2A2A2A2 /* OrientationLabelsOverlay.swift */ = {isa = PBXFileReference; lastKnownFileType = sourcecode.swift; path = OrientationLabelsOverlay.swift; sourceTree = "<group>"; };
		B50E993A984B4B1E92CBB700 /* ViewportView.swift */ = {isa = PBXFileReference; lastKnownFileType = sourcecode.swift; path = ViewportView.swift; sourceTree = "<group>"; };
		C34F7F1AC3094DCD8D5046DD /* ViewViewerGlassEffect.swift */ = {isa = PBXFileReference; lastKnownFileType = sourcecode.swift; path = ViewViewerGlassEffect.swift; sourceTree = "<group>"; };
		FF303CE42EFB290000CD8E2B /* NeurometricaIcon.icon */ = {isa = PBXFileReference; lastKnownFileType = folder.iconcomposer.icon; path = NeurometricaIcon.icon; sourceTree = "<group>"; };
		FF3DD3C52EF8DDA400AF5665 /* ContentView.swift */ = {isa = PBXFileReference; lastKnownFileType = sourcecode.swift; path = ContentView.swift; sourceTree = "<group>"; };
		1033F69326094C25AFF6C615 /* LaunchScreen.storyboard */ = {isa = PBXFileReference; lastKnownFileType = file.storyboard; path = LaunchScreen.storyboard; sourceTree = "<group>"; };
		FF7A019D2EC7EDB600CD988F /* CIImage2DImage.swift */ = {isa = PBXFileReference; lastKnownFileType = sourcecode.swift; path = CIImage2DImage.swift; sourceTree = "<group>"; };
		FFAA10002F6A0001 /* TriPlanarMPRView.swift */ = {isa = PBXFileReference; lastKnownFileType = sourcecode.swift; path = TriPlanarMPRView.swift; sourceTree = "<group>"; };
		FF9BB7362EC7199D000F271C /* AppContainer.swift */ = {isa = PBXFileReference; lastKnownFileType = sourcecode.swift; path = AppContainer.swift; sourceTree = "<group>"; };
		FF9BB7372EC7199D000F271C /* NeuroMetricaApp.swift */ = {isa = PBXFileReference; lastKnownFileType = sourcecode.swift; path = NeuroMetricaApp.swift; sourceTree = "<group>"; };
		FF9BB7392EC7199D000F271C /* AppError.swift */ = {isa = PBXFileReference; lastKnownFileType = sourcecode.swift; path = AppError.swift; sourceTree = "<group>"; };
		FF9BB73A2EC7199D000F271C /* AppSettings.swift */ = {isa = PBXFileReference; lastKnownFileType = sourcecode.swift; path = AppSettings.swift; sourceTree = "<group>"; };
		FF9BB73C2EC7199D000F271C /* FilePickerService.swift */ = {isa = PBXFileReference; lastKnownFileType = sourcecode.swift; path = FilePickerService.swift; sourceTree = "<group>"; };
		FF9BB73D2EC7199D000F271C /* RecentFilesStore.swift */ = {isa = PBXFileReference; lastKnownFileType = sourcecode.swift; path = RecentFilesStore.swift; sourceTree = "<group>"; };
		FF9BB73F2EC7199D000F271C /* ChromaEngineBridge.swift */ = {isa = PBXFileReference; lastKnownFileType = sourcecode.swift; path = ChromaEngineBridge.swift; sourceTree = "<group>"; };
		FF9BB7412EC7199D000F271C /* AppLogger.swift */ = {isa = PBXFileReference; lastKnownFileType = sourcecode.swift; path = AppLogger.swift; sourceTree = "<group>"; };
		A4A4A4A4A4A4A4A4A4A4A4A4 /* MetadataDiagnostics.swift */ = {isa = PBXFileReference; lastKnownFileType = sourcecode.swift; path = MetadataDiagnostics.swift; sourceTree = "<group>"; };
		A6A6A6A6A6A6A6A6A6A6A6A6 /* ImageDataDiagnostics.swift */ = {isa = PBXFileReference; lastKnownFileType = sourcecode.swift; path = ImageDataDiagnostics.swift; sourceTree = "<group>"; };
		FF9BB7442EC7199D000F271C /* HeritagePACSTheme.swift */ = {isa = PBXFileReference; lastKnownFileType = sourcecode.swift; path = HeritagePACSTheme.swift; sourceTree = "<group>"; };
		FF9BB7452EC7199D000F271C /* ViewNeuroMetrica.swift */ = {isa = PBXFileReference; lastKnownFileType = sourcecode.swift; path = ViewNeuroMetrica.swift; sourceTree = "<group>"; };
		FF9BB7472EC7199D000F271C /* MainThreadExecutor.swift */ = {isa = PBXFileReference; lastKnownFileType = sourcecode.swift; path = MainThreadExecutor.swift; sourceTree = "<group>"; };
		FF9BB74B2EC7199D000F271C /* DebugOverlayViewModel.swift */ = {isa = PBXFileReference; lastKnownFileType = sourcecode.swift; path = DebugOverlayViewModel.swift; sourceTree = "<group>"; };
		FF9BB74D2EC7199D000F271C /* DebugOverlayView.swift */ = {isa = PBXFileReference; lastKnownFileType = sourcecode.swift; path = DebugOverlayView.swift; sourceTree = "<group>"; };
		FF9BB7502EC7199D000F271C /* ImportSource.swift */ = {isa = PBXFileReference; lastKnownFileType = sourcecode.swift; path = ImportSource.swift; sourceTree = "<group>"; };
		FF9BB7522EC7199D000F271C /* ImportViewModel.swift */ = {isa = PBXFileReference; lastKnownFileType = sourcecode.swift; path = ImportViewModel.swift; sourceTree = "<group>"; };
		FF9BB7542EC7199D000F271C /* ImportView.swift */ = {isa = PBXFileReference; lastKnownFileType = sourcecode.swift; path = ImportView.swift; sourceTree = "<group>"; };
		FF9BB7572EC7199D000F271C /* SettingsViewModel.swift */ = {isa = PBXFileReference; lastKnownFileType = sourcecode.swift; path = SettingsViewModel.swift; sourceTree = "<group>"; };
		FF9BB7592EC7199D000F271C /* SettingsView.swift */ = {isa = PBXFileReference; lastKnownFileType = sourcecode.swift; path = SettingsView.swift; sourceTree = "<group>"; };
		FF9BB75C2EC7199D000F271C /* ViewerState.swift */ = {isa = PBXFileReference; lastKnownFileType = sourcecode.swift; path = ViewerState.swift; sourceTree = "<group>"; };
		FF9BB75E2EC7199D000F271C /* ViewerViewModel.swift */ = {isa = PBXFileReference; lastKnownFileType = sourcecode.swift; path = ViewerViewModel.swift; sourceTree = "<group>"; };
		FF9BB7602EC7199D000F271C /* OrientationControlView.swift */ = {isa = PBXFileReference; lastKnownFileType = sourcecode.swift; path = OrientationControlView.swift; sourceTree = "<group>"; };
		FF9BB7612EC7199D000F271C /* SliceNavigationView.swift */ = {isa = PBXFileReference; lastKnownFileType = sourcecode.swift; path = SliceNavigationView.swift; sourceTree = "<group>"; };
		FF9BB7622EC7199D000F271C /* ViewerView.swift */ = {isa = PBXFileReference; lastKnownFileType = sourcecode.swift; path = ViewerView.swift; sourceTree = "<group>"; };
		FF9BB7632EC7199D000F271C /* WWLControlsView.swift */ = {isa = PBXFileReference; lastKnownFileType = sourcecode.swift; path = WWLControlsView.swift; sourceTree = "<group>"; };
		FF9BB7672EC7199D000F271C /* Assets.xcassets */ = {isa = PBXFileReference; lastKnownFileType = folder.assetcatalog; path = Assets.xcassets; sourceTree = "<group>"; };
		FFA9EFF42EF6631F0073AA65 /* OrientationAliases.swift */ = {isa = PBXFileReference; lastKnownFileType = sourcecode.swift; path = OrientationAliases.swift; sourceTree = "<group>"; };
		FFAB12012F5A0001 /* LoadingViewModel.swift */ = {isa = PBXFileReference; lastKnownFileType = sourcecode.swift; path = LoadingViewModel.swift; sourceTree = "<group>"; };
		FFAB12022F5A0001 /* LoadingView.swift */ = {isa = PBXFileReference; lastKnownFileType = sourcecode.swift; path = LoadingView.swift; sourceTree = "<group>"; };
		FFB120042F5B0001 /* VolumeOpenRouting.swift */ = {isa = PBXFileReference; lastKnownFileType = sourcecode.swift; path = VolumeOpenRouting.swift; sourceTree = "<group>"; };
		FFB3E2142EC54F1600EBFFE6 /* NeuroMetrica.app */ = {isa = PBXFileReference; explicitFileType = wrapper.application; includeInIndex = 0; path = NeuroMetrica.app; sourceTree = BUILT_PRODUCTS_DIR; };
		FFB3E2212EC54F1900EBFFE6 /* NeuroMetricaTests.xctest */ = {isa = PBXFileReference; explicitFileType = wrapper.cfbundle; includeInIndex = 0; path = NeuroMetricaTests.xctest; sourceTree = BUILT_PRODUCTS_DIR; };
		FFB3E22B2EC54F1900EBFFE6 /* NeuroMetricaUITests.xctest */ = {isa = PBXFileReference; explicitFileType = wrapper.cfbundle; includeInIndex = 0; path = NeuroMetricaUITests.xctest; sourceTree = BUILT_PRODUCTS_DIR; };
		FFC408F52EC6C90A00315F9C /* NeuroMetricaTests.swift */ = {isa = PBXFileReference; lastKnownFileType = sourcecode.swift; path = NeuroMetricaTests.swift; sourceTree = "<group>"; };
		FFC408F72EC6C90A00315F9C /* NeuroMetricaUITests.swift */ = {isa = PBXFileReference; lastKnownFileType = sourcecode.swift; path = NeuroMetricaUITests.swift; sourceTree = "<group>"; };
		FFC408F82EC6C90A00315F9C /* NeuroMetricaUITestsLaunchTests.swift */ = {isa = PBXFileReference; lastKnownFileType = sourcecode.swift; path = NeuroMetricaUITestsLaunchTests.swift; sourceTree = "<group>"; };
		FFCCB0012F00000100000002 /* Study.swift */ = {isa = PBXFileReference; lastKnownFileType = sourcecode.swift; path = Study.swift; sourceTree = "<group>"; };
		FFCCB0032F00000100000004 /* StudySeries.swift */ = {isa = PBXFileReference; lastKnownFileType = sourcecode.swift; path = StudySeries.swift; sourceTree = "<group>"; };
		FFCCB0112F00000100000011 /* ViewerErrorPresenter.swift */ = {isa = PBXFileReference; lastKnownFileType = sourcecode.swift; path = ViewerErrorPresenter.swift; sourceTree = "<group>"; };
/* End PBXFileReference section */

/* Begin PBXFrameworksBuildPhase section */
		FFB3E2112EC54F1600EBFFE6 /* Frameworks */ = {
			isa = PBXFrameworksBuildPhase;
			buildActionMask = 2147483647;
			files = (
				FF7BB3872EE244CE00643382 /* ChromaEngineKit in Frameworks */,
				FF7BB3842EE2422700643382 /* ChromaEngineKit in Frameworks */,
			);
			runOnlyForDeploymentPostprocessing = 0;
		};
		FFB3E21E2EC54F1900EBFFE6 /* Frameworks */ = {
			isa = PBXFrameworksBuildPhase;
			buildActionMask = 2147483647;
			files = (
			);
			runOnlyForDeploymentPostprocessing = 0;
		};
		FFB3E2282EC54F1900EBFFE6 /* Frameworks */ = {
			isa = PBXFrameworksBuildPhase;
			buildActionMask = 2147483647;
			files = (
			);
			runOnlyForDeploymentPostprocessing = 0;
		};
/* End PBXFrameworksBuildPhase section */

/* Begin PBXGroup section */
		0259014416B0448493F60824 /* Utils */ = {
			isa = PBXGroup;
			children = (
				FF7A019D2EC7EDB600CD988F /* CIImage2DImage.swift */,
			);
			path = Utils;
			sourceTree = "<group>";
		};
		0A87AB8067F442B194B00BD2 /* Inspector */ = {
			isa = PBXGroup;
			children = (
				577345CA560B4506B83EF171 /* InspectorView.swift */,
			);
			path = Inspector;
			sourceTree = "<group>";
		};
		101EE9E736334108824E7B6F /* Sheets */ = {
			isa = PBXGroup;
			children = (
				65AA36EE534B437F82D1DB5C /* ExportSheetView.swift */,
			);
			path = Sheets;
			sourceTree = "<group>";
		};
		14B0298494AD44B49EC24962 /* Overlays */ = {
			isa = PBXGroup;
			children = (
				0D8B3C3979B7413EA9E9FB40 /* CrosshairOverlay.swift */,
				7AFC40FE1F0B4C0081C7DFB7 /* MeasurementOverlay.swift */,
				986815EC54BD4283AD1D12F3 /* Placeholder3DView.swift */,
				6A43C29D672D413AB30D92FB /* LoadingOverlayView.swift */,
				4AC479D57ADC4A0A83AC1191 /* ErrorOverlayView.swift */,
			);
			path = Overlays;
			sourceTree = "<group>";
		};
		273118E3FD57463E9CDDBCC2 /* Shared */ = {
			isa = PBXGroup;
			children = (
				6619C6ADAF6F48B29CAF6AC1 /* ViewViewerTransitions.swift */,
				C34F7F1AC3094DCD8D5046DD /* ViewViewerGlassEffect.swift */,
			);
			path = Shared;
			sourceTree = "<group>";
		};
		59A391AFD81649F5AF098763 /* Sidebar */ = {
			isa = PBXGroup;
			children = (
				829A90921FF94718ABC0F784 /* SidebarView.swift */,
			);
			path = Sidebar;
			sourceTree = "<group>";
		};
		6ACFB9BCC0D940B29561C0BD /* Styles */ = {
			isa = PBXGroup;
			children = (
				FF9BB7442EC7199D000F271C /* HeritagePACSTheme.swift */,
			);
			path = Styles;
			sourceTree = "<group>";
		};
		794F8080B62645F0AD3BD70A /* Viewport */ = {
			isa = PBXGroup;
			children = (
				B50E993A984B4B1E92CBB700 /* ViewportView.swift */,
				A2A2A2A2A2A2A2A2A2A2A2A2 /* OrientationLabelsOverlay.swift */,
				14B0298494AD44B49EC24962 /* Overlays */,
			);
			path = Viewport;
			sourceTree = "<group>";
		};
		9DF9149971FE4775B3691DAB /* Protocols */ = {
			isa = PBXGroup;
			children = (
				FFB120042F5B0001 /* VolumeOpenRouting.swift */,
			);
			path = Protocols;
			sourceTree = "<group>";
		};
		D773678E8D6448FD92551738 /* Canvas */ = {
			isa = PBXGroup;
			children = (
				44BB442C53914EB5BF4F2EB8 /* CanvasView.swift */,
			);
			path = Canvas;
			sourceTree = "<group>";
		};
		FF9BB7382EC7199D000F271C /* App */ = {
			isa = PBXGroup;
			children = (
				FF9BB7362EC7199D000F271C /* AppContainer.swift */,
				FF9BB7372EC7199D000F271C /* NeuroMetricaApp.swift */,
				1033F69326094C25AFF6C615 /* LaunchScreen.storyboard */,
			);
			path = App;
			sourceTree = "<group>";
		};
		FF9BB73B2EC7199D000F271C /* Models */ = {
			isa = PBXGroup;
			children = (
				FF9BB7392EC7199D000F271C /* AppError.swift */,
				FF9BB73A2EC7199D000F271C /* AppSettings.swift */,
				FFCCB0012F00000100000002 /* Study.swift */,
				FFCCB0032F00000100000004 /* StudySeries.swift */,
			);
			path = Models;
			sourceTree = "<group>";
		};
		FF9BB73E2EC7199D000F271C /* FileSystem */ = {
			isa = PBXGroup;
			children = (
				FF9BB73C2EC7199D000F271C /* FilePickerService.swift */,
				FF9BB73D2EC7199D000F271C /* RecentFilesStore.swift */,
			);
			path = FileSystem;
			sourceTree = "<group>";
		};
		FF9BB7402EC7199D000F271C /* Imaging */ = {
			isa = PBXGroup;
			children = (
				FF9BB73F2EC7199D000F271C /* ChromaEngineBridge.swift */,
			);
			path = Imaging;
			sourceTree = "<group>";
		};
		FF9BB7422EC7199D000F271C /* Logging */ = {
			isa = PBXGroup;
			children = (
				FF9BB7412EC7199D000F271C /* AppLogger.swift */,
				A4A4A4A4A4A4A4A4A4A4A4A4 /* MetadataDiagnostics.swift */,
				A6A6A6A6A6A6A6A6A6A6A6A6 /* ImageDataDiagnostics.swift */,
			);
			path = Logging;
			sourceTree = "<group>";
		};
		FF9BB7432EC7199D000F271C /* Services */ = {
			isa = PBXGroup;
			children = (
				FF9BB73E2EC7199D000F271C /* FileSystem */,
				FF9BB7402EC7199D000F271C /* Imaging */,
				FF9BB7422EC7199D000F271C /* Logging */,
			);
			path = Services;
			sourceTree = "<group>";
		};
		FF9BB7462EC7199D000F271C /* Extensions */ = {
			isa = PBXGroup;
			children = (
				FF9BB7452EC7199D000F271C /* ViewNeuroMetrica.swift */,
			);
			path = Extensions;
			sourceTree = "<group>";
		};
		FF9BB7482EC7199D000F271C /* Helpers */ = {
			isa = PBXGroup;
			children = (
				FF9BB7472EC7199D000F271C /* MainThreadExecutor.swift */,
			);
			path = Helpers;
			sourceTree = "<group>";
		};
		FF9BB7492EC7199D000F271C /* Utils */ = {
			isa = PBXGroup;
			children = (
				FF9BB7462EC7199D000F271C /* Extensions */,
				FF9BB7482EC7199D000F271C /* Helpers */,
			);
			path = Utils;
			sourceTree = "<group>";
		};
		FF9BB74A2EC7199D000F271C /* Core */ = {
			isa = PBXGroup;
			children = (
				FF9BB73B2EC7199D000F271C /* Models */,
				9DF9149971FE4775B3691DAB /* Protocols */,
				FF9BB7432EC7199D000F271C /* Services */,
				FF9BB7492EC7199D000F271C /* Utils */,
			);
			path = Core;
			sourceTree = "<group>";
		};
		FF9BB74C2EC7199D000F271C /* ViewModels */ = {
			isa = PBXGroup;
			children = (
				FF9BB74B2EC7199D000F271C /* DebugOverlayViewModel.swift */,
			);
			path = ViewModels;
			sourceTree = "<group>";
		};
		FF9BB74E2EC7199D000F271C /* Views */ = {
			isa = PBXGroup;
			children = (
				FF9BB74D2EC7199D000F271C /* DebugOverlayView.swift */,
			);
			path = Views;
			sourceTree = "<group>";
		};
		FF9BB74F2EC7199D000F271C /* DevTools */ = {
			isa = PBXGroup;
			children = (
				FF9BB74C2EC7199D000F271C /* ViewModels */,
				FF9BB74E2EC7199D000F271C /* Views */,
			);
			path = DevTools;
			sourceTree = "<group>";
		};
		FF9BB7512EC7199D000F271C /* Models */ = {
			isa = PBXGroup;
			children = (
				FF9BB7502EC7199D000F271C /* ImportSource.swift */,
			);
			path = Models;
			sourceTree = "<group>";
		};
		FF9BB7532EC7199D000F271C /* ViewModels */ = {
			isa = PBXGroup;
			children = (
				FF9BB7522EC7199D000F271C /* ImportViewModel.swift */,
			);
			path = ViewModels;
			sourceTree = "<group>";
		};
		FF9BB7552EC7199D000F271C /* Views */ = {
			isa = PBXGroup;
			children = (
				FF9BB7542EC7199D000F271C /* ImportView.swift */,
			);
			path = Views;
			sourceTree = "<group>";
		};
		FF9BB7562EC7199D000F271C /* Import */ = {
			isa = PBXGroup;
			children = (
				FF9BB7512EC7199D000F271C /* Models */,
				FF9BB7532EC7199D000F271C /* ViewModels */,
				FF9BB7552EC7199D000F271C /* Views */,
			);
			path = Import;
			sourceTree = "<group>";
		};
		FF9BB7582EC7199D000F271C /* ViewModels */ = {
			isa = PBXGroup;
			children = (
				FF9BB7572EC7199D000F271C /* SettingsViewModel.swift */,
			);
			path = ViewModels;
			sourceTree = "<group>";
		};
		FF9BB75A2EC7199D000F271C /* Views */ = {
			isa = PBXGroup;
			children = (
				FF9BB7592EC7199D000F271C /* SettingsView.swift */,
			);
			path = Views;
			sourceTree = "<group>";
		};
		FF9BB75B2EC7199D000F271C /* Settings */ = {
			isa = PBXGroup;
			children = (
				FF9BB7582EC7199D000F271C /* ViewModels */,
				FF9BB75A2EC7199D000F271C /* Views */,
			);
			path = Settings;
			sourceTree = "<group>";
		};
		FF9BB75D2EC7199D000F271C /* Models */ = {
			isa = PBXGroup;
			children = (
				FFA9EFF42EF6631F0073AA65 /* OrientationAliases.swift */,
				FF9BB75C2EC7199D000F271C /* ViewerState.swift */,
				A1A1A1A1A1A1A1A1A1A1A1A1 /* ViewportOrientationLabels.swift */,
				FFCCB0112F00000100000011 /* ViewerErrorPresenter.swift */,
			);
			path = Models;
			sourceTree = "<group>";
		};
		FF9BB75F2EC7199D000F271C /* ViewModels */ = {
			isa = PBXGroup;
			children = (
				FF9BB75E2EC7199D000F271C /* ViewerViewModel.swift */,
			);
			path = ViewModels;
			sourceTree = "<group>";
		};
		FF9BB7642EC7199D000F271C /* Views */ = {
			isa = PBXGroup;
			children = (
				FF3DD3C52EF8DDA400AF5665 /* ContentView.swift */,
				59A391AFD81649F5AF098763 /* Sidebar */,
				D773678E8D6448FD92551738 /* Canvas */,
				FFAA10002F6A0001 /* TriPlanarMPRView.swift */,
				794F8080B62645F0AD3BD70A /* Viewport */,
				0A87AB8067F442B194B00BD2 /* Inspector */,
				101EE9E736334108824E7B6F /* Sheets */,
				273118E3FD57463E9CDDBCC2 /* Shared */,
				FF9BB7602EC7199D000F271C /* OrientationControlView.swift */,
				FF9BB7612EC7199D000F271C /* SliceNavigationView.swift */,
				FF9BB7622EC7199D000F271C /* ViewerView.swift */,
				FF9BB7632EC7199D000F271C /* WWLControlsView.swift */,
			);
			path = Views;
			sourceTree = "<group>";
		};
		FF9BB7652EC7199D000F271C /* Viewer */ = {
			isa = PBXGroup;
			children = (
				FF9BB75D2EC7199D000F271C /* Models */,
				FF9BB75F2EC7199D000F271C /* ViewModels */,
				FF9BB7642EC7199D000F271C /* Views */,
				6ACFB9BCC0D940B29561C0BD /* Styles */,
				0259014416B0448493F60824 /* Utils */,
			);
			path = Viewer;
			sourceTree = "<group>";
		};
		FF9BB7662EC7199D000F271C /* Features */ = {
			isa = PBXGroup;
			children = (
				FF9BB74F2EC7199D000F271C /* DevTools */,
				FF9BB7562EC7199D000F271C /* Import */,
				FF9BB75B2EC7199D000F271C /* Settings */,
				FFAB12102F5A0001 /* Loading */,
				FF9BB7652EC7199D000F271C /* Viewer */,
			);
			path = Features;
			sourceTree = "<group>";
		};
		FF9BB7682EC7199D000F271C /* NeuroMetrica */ = {
			isa = PBXGroup;
			children = (
				FF9BB7382EC7199D000F271C /* App */,
				FF9BB74A2EC7199D000F271C /* Core */,
				FF9BB7662EC7199D000F271C /* Features */,
				FF9BB7672EC7199D000F271C /* Assets.xcassets */,
				FF303CE42EFB290000CD8E2B /* NeurometricaIcon.icon */,
			);
			path = NeuroMetrica;
			sourceTree = "<group>";
		};
		FFAB12102F5A0001 /* Loading */ = {
			isa = PBXGroup;
			children = (
				FFAB12112F5A0001 /* ViewModels */,
				FFAB12122F5A0001 /* Views */,
			);
			path = Loading;
			sourceTree = "<group>";
		};
		FFAB12112F5A0001 /* ViewModels */ = {
			isa = PBXGroup;
			children = (
				FFAB12012F5A0001 /* LoadingViewModel.swift */,
			);
			path = ViewModels;
			sourceTree = "<group>";
		};
		FFAB12122F5A0001 /* Views */ = {
			isa = PBXGroup;
			children = (
				FFAB12022F5A0001 /* LoadingView.swift */,
			);
			path = Views;
			sourceTree = "<group>";
		};
		FFB3E20B2EC54F1600EBFFE6 = {
			isa = PBXGroup;
			children = (
				FFC408FB2EC6C90A00315F9C /* NeuroMetrica */,
				FFB3E2152EC54F1600EBFFE6 /* Products */,
			);
			sourceTree = "<group>";
		};
		FFB3E2152EC54F1600EBFFE6 /* Products */ = {
			isa = PBXGroup;
			children = (
				FFB3E2142EC54F1600EBFFE6 /* NeuroMetrica.app */,
				FFB3E2212EC54F1900EBFFE6 /* NeuroMetricaTests.xctest */,
				FFB3E22B2EC54F1900EBFFE6 /* NeuroMetricaUITests.xctest */,
			);
			name = Products;
			sourceTree = "<group>";
		};
		FFC408F62EC6C90A00315F9C /* NeuroMetricaTests */ = {
			isa = PBXGroup;
			children = (
				FFC408F52EC6C90A00315F9C /* NeuroMetricaTests.swift */,
			);
			path = NeuroMetricaTests;
			sourceTree = "<group>";
		};
		FFC408F92EC6C90A00315F9C /* NeuroMetricaUITests */ = {
			isa = PBXGroup;
			children = (
				FFC408F72EC6C90A00315F9C /* NeuroMetricaUITests.swift */,
				FFC408F82EC6C90A00315F9C /* NeuroMetricaUITestsLaunchTests.swift */,
			);
			path = NeuroMetricaUITests;
			sourceTree = "<group>";
		};
		FFC408FB2EC6C90A00315F9C /* NeuroMetrica */ = {
			isa = PBXGroup;
			children = (
				FF9BB7682EC7199D000F271C /* NeuroMetrica */,
				FFC408F62EC6C90A00315F9C /* NeuroMetricaTests */,
				FFC408F92EC6C90A00315F9C /* NeuroMetricaUITests */,
			);
			name = NeuroMetrica;
			path = /Users/mohamedelbashir/Developer/NeuroMetricaWorkspace/NeuroMetrica;
			sourceTree = "<absolute>";
		};
/* End PBXGroup section */

/* Begin PBXNativeTarget section */
		FFB3E2132EC54F1600EBFFE6 /* NeuroMetrica */ = {
			isa = PBXNativeTarget;
			buildConfigurationList = FFB3E2352EC54F1900EBFFE6 /* Build configuration list for PBXNativeTarget "NeuroMetrica" */;
			buildPhases = (
				FFB3E2102EC54F1600EBFFE6 /* Sources */,
				FFB3E2112EC54F1600EBFFE6 /* Frameworks */,
				FFB3E2122EC54F1600EBFFE6 /* Resources */,
			);
			buildRules = (
			);
			dependencies = (
			);
			name = NeuroMetrica;
			packageProductDependencies = (
				FF7BB3832EE2422700643382 /* ChromaEngineKit */,
				FF7BB3862EE244CE00643382 /* ChromaEngineKit */,
			);
			productName = NeuroMetrica;
			productReference = FFB3E2142EC54F1600EBFFE6 /* NeuroMetrica.app */;
			productType = "com.apple.product-type.application";
		};
		FFB3E2202EC54F1900EBFFE6 /* NeuroMetricaTests */ = {
			isa = PBXNativeTarget;
			buildConfigurationList = FFB3E2382EC54F1900EBFFE6 /* Build configuration list for PBXNativeTarget "NeuroMetricaTests" */;
			buildPhases = (
				FFB3E21D2EC54F1900EBFFE6 /* Sources */,
				FFB3E21E2EC54F1900EBFFE6 /* Frameworks */,
				FFB3E21F2EC54F1900EBFFE6 /* Resources */,
			);
			buildRules = (
			);
			dependencies = (
				FFB3E2232EC54F1900EBFFE6 /* PBXTargetDependency */,
			);
			name = NeuroMetricaTests;
			packageProductDependencies = (
			);
			productName = NeuroMetricaTests;
			productReference = FFB3E2212EC54F1900EBFFE6 /* NeuroMetricaTests.xctest */;
			productType = "com.apple.product-type.bundle.unit-test";
		};
		FFB3E22A2EC54F1900EBFFE6 /* NeuroMetricaUITests */ = {
			isa = PBXNativeTarget;
			buildConfigurationList = FFB3E23B2EC54F1900EBFFE6 /* Build configuration list for PBXNativeTarget "NeuroMetricaUITests" */;
			buildPhases = (
				FFB3E2272EC54F1900EBFFE6 /* Sources */,
				FFB3E2282EC54F1900EBFFE6 /* Frameworks */,
				FFB3E2292EC54F1900EBFFE6 /* Resources */,
			);
			buildRules = (
			);
			dependencies = (
				FFB3E22D2EC54F1900EBFFE6 /* PBXTargetDependency */,
			);
			name = NeuroMetricaUITests;
			packageProductDependencies = (
			);
			productName = NeuroMetricaUITests;
			productReference = FFB3E22B2EC54F1900EBFFE6 /* NeuroMetricaUITests.xctest */;
			productType = "com.apple.product-type.bundle.ui-testing";
		};
/* End PBXNativeTarget section */

/* Begin PBXProject section */
		FFB3E20C2EC54F1600EBFFE6 /* Project object */ = {
			isa = PBXProject;
			attributes = {
				BuildIndependentTargetsInParallel = 1;
				LastSwiftUpdateCheck = 2600;
				LastUpgradeCheck = 2610;
				TargetAttributes = {
					FFB3E2132EC54F1600EBFFE6 = {
						CreatedOnToolsVersion = 26.0.1;
						LastSwiftMigration = 2600;
					};
					FFB3E2202EC54F1900EBFFE6 = {
						CreatedOnToolsVersion = 26.0.1;
						TestTargetID = FFB3E2132EC54F1600EBFFE6;
					};
					FFB3E22A2EC54F1900EBFFE6 = {
						CreatedOnToolsVersion = 26.0.1;
						TestTargetID = FFB3E2132EC54F1600EBFFE6;
					};
				};
			};
			buildConfigurationList = FFB3E20F2EC54F1600EBFFE6 /* Build configuration list for PBXProject "NeuroMetrica" */;
			developmentRegion = en;
			hasScannedForEncodings = 0;
			knownRegions = (
				en,
				Base,
			);
			mainGroup = FFB3E20B2EC54F1600EBFFE6;
			minimizedProjectReferenceProxies = 1;
			packageReferences = (
				FF7BB3732EE1FCEE00643382 /* XCLocalSwiftPackageReference "../ChromaImagingCore" */,
				FF7BB3852EE244CE00643382 /* XCLocalSwiftPackageReference "../ChromaEnginekit" */,
			);
			preferredProjectObjectVersion = 77;
			productRefGroup = FFB3E2152EC54F1600EBFFE6 /* Products */;
			projectDirPath = "";
			projectRoot = "";
			targets = (
				FFB3E2132EC54F1600EBFFE6 /* NeuroMetrica */,
				FFB3E2202EC54F1900EBFFE6 /* NeuroMetricaTests */,
				FFB3E22A2EC54F1900EBFFE6 /* NeuroMetricaUITests */,
			);
		};
/* End PBXProject section */

/* Begin PBXResourcesBuildPhase section */
		FFB3E2122EC54F1600EBFFE6 /* Resources */ = {
			isa = PBXResourcesBuildPhase;
			buildActionMask = 2147483647;
			files = (
				FF9BB7692EC7199D000F271C /* Assets.xcassets in Resources */,
				FF303CE52EFB290000CD8E2B /* NeurometricaIcon.icon in Resources */,
				B0DF5D00C8C84573BB476030 /* LaunchScreen.storyboard in Resources */,
			);
			runOnlyForDeploymentPostprocessing = 0;
		};
		FFB3E21F2EC54F1900EBFFE6 /* Resources */ = {
			isa = PBXResourcesBuildPhase;
			buildActionMask = 2147483647;
			files = (
			);
			runOnlyForDeploymentPostprocessing = 0;
		};
		FFB3E2292EC54F1900EBFFE6 /* Resources */ = {
			isa = PBXResourcesBuildPhase;
			buildActionMask = 2147483647;
			files = (
			);
			runOnlyForDeploymentPostprocessing = 0;
		};
/* End PBXResourcesBuildPhase section */

/* Begin PBXSourcesBuildPhase section */
		FFB3E2102EC54F1600EBFFE6 /* Sources */ = {
			isa = PBXSourcesBuildPhase;
			buildActionMask = 2147483647;
			files = (
				FF9BB76A2EC7199D000F271C /* SliceNavigationView.swift in Sources */,
				FF9BB76B2EC7199D000F271C /* SettingsView.swift in Sources */,
				FF9BB76C2EC7199D000F271C /* DebugOverlayViewModel.swift in Sources */,
				FFA9EFF52EF663290073AA65 /* OrientationAliases.swift in Sources */,
				FF9BB76D2EC7199D000F271C /* ImportView.swift in Sources */,
				FF9BB76E2EC7199D000F271C /* AppSettings.swift in Sources */,
				FF3DD3C62EF8DDAA00AF5665 /* ContentView.swift in Sources */,
				70988EF6CDAD42E29ACD3393 /* SidebarView.swift in Sources */,
				FFF457555AB14674B8AC2D84 /* CanvasView.swift in Sources */,
				FFAA10012F6A0001 /* TriPlanarMPRView.swift in Sources */,
				FA0DAD5D1809411D9AF1A1DD /* ViewportView.swift in Sources */,
				B2B2B2B2B2B2B2B2B2B2B2B2 /* OrientationLabelsOverlay.swift in Sources */,
				B1B1B1B1B1B1B1B1B1B1B1B1 /* ViewportOrientationLabels.swift in Sources */,
				C4DE3750A595481883581D5C /* CrosshairOverlay.swift in Sources */,
				FBEDEF8A7BD94ACE91518B32 /* MeasurementOverlay.swift in Sources */,
				5772E5C57E714FF9BF708A4F /* Placeholder3DView.swift in Sources */,
				D37FDDF0DA3C4B6E8B944957 /* LoadingOverlayView.swift in Sources */,
				13A48E68A14A4034A93349C2 /* ErrorOverlayView.swift in Sources */,
				C50D94C06D704467883AEAE7 /* InspectorView.swift in Sources */,
				D917FFCACA4A43C9A3B6B1A7 /* ExportSheetView.swift in Sources */,
				2E3A1F5EFCEB4D61BEE0A287 /* ViewViewerTransitions.swift in Sources */,
				3DDB3321273E42159E379CCC /* ViewViewerGlassEffect.swift in Sources */,
				FFCCB0012F00000100000001 /* Study.swift in Sources */,
				FFCCB0032F00000100000003 /* StudySeries.swift in Sources */,
				FF9BB76F2EC7199D000F271C /* ViewerView.swift in Sources */,
				FF9BB7702EC7199D000F271C /* ChromaEngineBridge.swift in Sources */,
				FF9BB7712EC7199D000F271C /* ImportSource.swift in Sources */,
				FF9BB7722EC7199D000F271C /* NeuroMetricaApp.swift in Sources */,
				FF9BB7732EC7199D000F271C /* WWLControlsView.swift in Sources */,
				FF9BB7742EC7199D000F271C /* ViewerState.swift in Sources */,
				FF9BB7752EC7199D000F271C /* OrientationControlView.swift in Sources */,
				FF9BB7762EC7199D000F271C /* AppError.swift in Sources */,
				FF9BB7772EC7199D000F271C /* AppContainer.swift in Sources */,
				FF9BB7782EC7199D000F271C /* HeritagePACSTheme.swift in Sources */,
				FFCCB0102F00000100000010 /* ViewerErrorPresenter.swift in Sources */,
				FF9BB7792EC7199D000F271C /* SettingsViewModel.swift in Sources */,
				FF9BB77A2EC7199D000F271C /* ViewNeuroMetrica.swift in Sources */,
				FF9BB77B2EC7199D000F271C /* MainThreadExecutor.swift in Sources */,
				FF9BB77C2EC7199D000F271C /* RecentFilesStore.swift in Sources */,
				A3A3A3A3A3A3A3A3A3A3A3A3 /* MetadataDiagnostics.swift in Sources */,
				A5A5A5A5A5A5A5A5A5A5A5A5 /* ImageDataDiagnostics.swift in Sources */,
				FF9BB77D2EC7199D000F271C /* ViewerViewModel.swift in Sources */,
				FF9BB77E2EC7199D000F271C /* DebugOverlayView.swift in Sources */,
				FF9BB77F2EC7199D000F271C /* ImportViewModel.swift in Sources */,
				FF9BB7802EC7199D000F271C /* AppLogger.swift in Sources */,
				FF9BB7812EC7199D000F271C /* FilePickerService.swift in Sources */,
				FF7A019E2EC7EDB900CD988F /* CIImage2DImage.swift in Sources */,
				FFAB12032F5A0001 /* LoadingViewModel.swift in Sources */,
				FFAB12042F5A0001 /* LoadingView.swift in Sources */,
				FFB120052F5B0001 /* VolumeOpenRouting.swift in Sources */,
			);
			runOnlyForDeploymentPostprocessing = 0;
		};
		FFB3E21D2EC54F1900EBFFE6 /* Sources */ = {
			isa = PBXSourcesBuildPhase;
			buildActionMask = 2147483647;
			files = (
				FF9BB7352EC6D903000F271C /* NeuroMetricaTests.swift in Sources */,
			);
			runOnlyForDeploymentPostprocessing = 0;
		};
		FFB3E2272EC54F1900EBFFE6 /* Sources */ = {
			isa = PBXSourcesBuildPhase;
			buildActionMask = 2147483647;
			files = (
				FF9BB7332EC6D8FA000F271C /* NeuroMetricaUITestsLaunchTests.swift in Sources */,
				FF9BB7342EC6D8FA000F271C /* NeuroMetricaUITests.swift in Sources */,
			);
			runOnlyForDeploymentPostprocessing = 0;
		};
/* End PBXSourcesBuildPhase section */

/* Begin PBXTargetDependency section */
		FFB3E2232EC54F1900EBFFE6 /* PBXTargetDependency */ = {
			isa = PBXTargetDependency;
			target = FFB3E2132EC54F1600EBFFE6 /* NeuroMetrica */;
			targetProxy = FFB3E2222EC54F1900EBFFE6 /* PBXContainerItemProxy */;
		};
		FFB3E22D2EC54F1900EBFFE6 /* PBXTargetDependency */ = {
			isa = PBXTargetDependency;
			target = FFB3E2132EC54F1600EBFFE6 /* NeuroMetrica */;
			targetProxy = FFB3E22C2EC54F1900EBFFE6 /* PBXContainerItemProxy */;
		};
/* End PBXTargetDependency section */

/* Begin XCBuildConfiguration section */
		FFB3E2332EC54F1900EBFFE6 /* Debug */ = {
			isa = XCBuildConfiguration;
			buildSettings = {
				ALWAYS_SEARCH_USER_PATHS = NO;
				ASSETCATALOG_COMPILER_GENERATE_SWIFT_ASSET_SYMBOL_EXTENSIONS = YES;
				CLANG_ANALYZER_NONNULL = YES;
				CLANG_ANALYZER_NUMBER_OBJECT_CONVERSION = YES_AGGRESSIVE;
				CLANG_CXX_LANGUAGE_STANDARD = "gnu++20";
				CLANG_ENABLE_MODULES = YES;
				CLANG_ENABLE_OBJC_ARC = YES;
				CLANG_ENABLE_OBJC_WEAK = YES;
				CLANG_WARN_BLOCK_CAPTURE_AUTORELEASING = YES;
				CLANG_WARN_BOOL_CONVERSION = YES;
				CLANG_WARN_COMMA = YES;
				CLANG_WARN_CONSTANT_CONVERSION = YES;
				CLANG_WARN_DEPRECATED_OBJC_IMPLEMENTATIONS = YES;
				CLANG_WARN_DIRECT_OBJC_ISA_USAGE = YES_ERROR;
				CLANG_WARN_DOCUMENTATION_COMMENTS = YES;
				CLANG_WARN_EMPTY_BODY = YES;
				CLANG_WARN_ENUM_CONVERSION = YES;
				CLANG_WARN_INFINITE_RECURSION = YES;
				CLANG_WARN_INT_CONVERSION = YES;
				CLANG_WARN_NON_LITERAL_NULL_CONVERSION = YES;
				CLANG_WARN_OBJC_IMPLICIT_RETAIN_SELF = YES;
				CLANG_WARN_OBJC_LITERAL_CONVERSION = YES;
				CLANG_WARN_OBJC_ROOT_CLASS = YES_ERROR;
				CLANG_WARN_QUOTED_INCLUDE_IN_FRAMEWORK_HEADER = YES;
				CLANG_WARN_RANGE_LOOP_ANALYSIS = YES;
				CLANG_WARN_STRICT_PROTOTYPES = YES;
				CLANG_WARN_SUSPICIOUS_MOVE = YES;
				CLANG_WARN_UNGUARDED_AVAILABILITY = YES_AGGRESSIVE;
				CLANG_WARN_UNREACHABLE_CODE = YES;
				CLANG_WARN__DUPLICATE_METHOD_MATCH = YES;
				COPY_PHASE_STRIP = NO;
				DEAD_CODE_STRIPPING = YES;
				DEBUG_INFORMATION_FORMAT = dwarf;
				DEVELOPMENT_TEAM = 3NCZ52UVDW;
				ENABLE_STRICT_OBJC_MSGSEND = YES;
				ENABLE_TESTABILITY = YES;
				ENABLE_USER_SCRIPT_SANDBOXING = YES;
				GCC_C_LANGUAGE_STANDARD = gnu17;
				GCC_DYNAMIC_NO_PIC = NO;
				GCC_NO_COMMON_BLOCKS = YES;
				GCC_OPTIMIZATION_LEVEL = 0;
				GCC_PREPROCESSOR_DEFINITIONS = (
					"DEBUG=1",
					"$(inherited)",
				);
				GCC_WARN_64_TO_32_BIT_CONVERSION = YES;
				GCC_WARN_ABOUT_RETURN_TYPE = YES_ERROR;
				GCC_WARN_UNDECLARED_SELECTOR = YES;
				GCC_WARN_UNINITIALIZED_AUTOS = YES_AGGRESSIVE;
				GCC_WARN_UNUSED_FUNCTION = YES;
				GCC_WARN_UNUSED_VARIABLE = YES;
				LOCALIZATION_PREFERS_STRING_CATALOGS = YES;
				MTL_ENABLE_DEBUG_INFO = INCLUDE_SOURCE;
				MTL_FAST_MATH = YES;
				ONLY_ACTIVE_ARCH = YES;
				STRING_CATALOG_GENERATE_SYMBOLS = YES;
				SWIFT_ACTIVE_COMPILATION_CONDITIONS = "DEBUG $(inherited)";
				SWIFT_OPTIMIZATION_LEVEL = "-Onone";
			};
			name = Debug;
		};
		FFB3E2342EC54F1900EBFFE6 /* Release */ = {
			isa = XCBuildConfiguration;
			buildSettings = {
				ALWAYS_SEARCH_USER_PATHS = NO;
				ASSETCATALOG_COMPILER_GENERATE_SWIFT_ASSET_SYMBOL_EXTENSIONS = YES;
				CLANG_ANALYZER_NONNULL = YES;
				CLANG_ANALYZER_NUMBER_OBJECT_CONVERSION = YES_AGGRESSIVE;
				CLANG_CXX_LANGUAGE_STANDARD = "gnu++20";
				CLANG_ENABLE_MODULES = YES;
				CLANG_ENABLE_OBJC_ARC = YES;
				CLANG_ENABLE_OBJC_WEAK = YES;
				CLANG_WARN_BLOCK_CAPTURE_AUTORELEASING = YES;
				CLANG_WARN_BOOL_CONVERSION = YES;
				CLANG_WARN_COMMA = YES;
				CLANG_WARN_CONSTANT_CONVERSION = YES;
				CLANG_WARN_DEPRECATED_OBJC_IMPLEMENTATIONS = YES;
				CLANG_WARN_DIRECT_OBJC_ISA_USAGE = YES_ERROR;
				CLANG_WARN_DOCUMENTATION_COMMENTS = YES;
				CLANG_WARN_EMPTY_BODY = YES;
				CLANG_WARN_ENUM_CONVERSION = YES;
				CLANG_WARN_INFINITE_RECURSION = YES;
				CLANG_WARN_INT_CONVERSION = YES;
				CLANG_WARN_NON_LITERAL_NULL_CONVERSION = YES;
				CLANG_WARN_OBJC_IMPLICIT_RETAIN_SELF = YES;
				CLANG_WARN_OBJC_LITERAL_CONVERSION = YES;
				CLANG_WARN_OBJC_ROOT_CLASS = YES_ERROR;
				CLANG_WARN_QUOTED_INCLUDE_IN_FRAMEWORK_HEADER = YES;
				CLANG_WARN_RANGE_LOOP_ANALYSIS = YES;
				CLANG_WARN_STRICT_PROTOTYPES = YES;
				CLANG_WARN_SUSPICIOUS_MOVE = YES;
				CLANG_WARN_UNGUARDED_AVAILABILITY = YES_AGGRESSIVE;
				CLANG_WARN_UNREACHABLE_CODE = YES;
				CLANG_WARN__DUPLICATE_METHOD_MATCH = YES;
				COPY_PHASE_STRIP = NO;
				DEAD_CODE_STRIPPING = YES;
				DEBUG_INFORMATION_FORMAT = "dwarf-with-dsym";
				DEVELOPMENT_TEAM = 3NCZ52UVDW;
				ENABLE_NS_ASSERTIONS = NO;
				ENABLE_STRICT_OBJC_MSGSEND = YES;
				ENABLE_USER_SCRIPT_SANDBOXING = YES;
				GCC_C_LANGUAGE_STANDARD = gnu17;
				GCC_NO_COMMON_BLOCKS = YES;
				GCC_WARN_64_TO_32_BIT_CONVERSION = YES;
				GCC_WARN_ABOUT_RETURN_TYPE = YES_ERROR;
				GCC_WARN_UNDECLARED_SELECTOR = YES;
				GCC_WARN_UNINITIALIZED_AUTOS = YES_AGGRESSIVE;
				GCC_WARN_UNUSED_FUNCTION = YES;
				GCC_WARN_UNUSED_VARIABLE = YES;
				LOCALIZATION_PREFERS_STRING_CATALOGS = YES;
				MTL_ENABLE_DEBUG_INFO = NO;
				MTL_FAST_MATH = YES;
				STRING_CATALOG_GENERATE_SYMBOLS = YES;
				SWIFT_COMPILATION_MODE = wholemodule;
			};
			name = Release;
		};
		FFB3E2362EC54F1900EBFFE6 /* Debug */ = {
			isa = XCBuildConfiguration;
			buildSettings = {
				ASSETCATALOG_COMPILER_APPICON_NAME = NeurometricaIcon;
				ASSETCATALOG_COMPILER_GLOBAL_ACCENT_COLOR_NAME = AccentColor;
				ASSETCATALOG_COMPILER_INCLUDE_ALL_APPICON_ASSETS = YES;
				CLANG_ENABLE_MODULES = YES;
				CODE_SIGN_STYLE = Automatic;
				CURRENT_PROJECT_VERSION = 1;
				DEAD_CODE_STRIPPING = YES;
				DEVELOPMENT_TEAM = 3NCZ52UVDW;
				ENABLE_APP_SANDBOX = YES;
				ENABLE_HARDENED_RUNTIME = YES;
				ENABLE_PREVIEWS = YES;
				ENABLE_USER_SELECTED_FILES = readonly;
				GENERATE_INFOPLIST_FILE = YES;
				"INFOPLIST_KEY_UIApplicationSceneManifest_Generation[sdk=iphoneos*]" = YES;
				"INFOPLIST_KEY_UIApplicationSceneManifest_Generation[sdk=iphonesimulator*]" = YES;
				"INFOPLIST_KEY_UIApplicationSupportsIndirectInputEvents[sdk=iphoneos*]" = YES;
				"INFOPLIST_KEY_UIApplicationSupportsIndirectInputEvents[sdk=iphonesimulator*]" = YES;
				"INFOPLIST_KEY_UILaunchScreen_Generation[sdk=iphoneos*]" = NO;
				"INFOPLIST_KEY_UILaunchScreen_Generation[sdk=iphonesimulator*]" = NO;
				"INFOPLIST_KEY_UILaunchStoryboardName[sdk=iphoneos*]" = LaunchScreen;
				"INFOPLIST_KEY_UILaunchStoryboardName[sdk=iphonesimulator*]" = LaunchScreen;
				"INFOPLIST_KEY_UIStatusBarStyle[sdk=iphoneos*]" = UIStatusBarStyleDefault;
				"INFOPLIST_KEY_UIStatusBarStyle[sdk=iphonesimulator*]" = UIStatusBarStyleDefault;
				INFOPLIST_KEY_UISupportedInterfaceOrientations_iPad = "UIInterfaceOrientationPortrait UIInterfaceOrientationPortraitUpsideDown UIInterfaceOrientationLandscapeLeft UIInterfaceOrientationLandscapeRight";
				INFOPLIST_KEY_UISupportedInterfaceOrientations_iPhone = "UIInterfaceOrientationPortrait UIInterfaceOrientationLandscapeLeft UIInterfaceOrientationLandscapeRight";
				IPHONEOS_DEPLOYMENT_TARGET = 26.0;
				LD_RUNPATH_SEARCH_PATHS = "@executable_path/Frameworks";
				"LD_RUNPATH_SEARCH_PATHS[sdk=macosx*]" = "@executable_path/../Frameworks";
				MACOSX_DEPLOYMENT_TARGET = 26.0;
				MARKETING_VERSION = 1.0;
				PRODUCT_BUNDLE_IDENTIFIER = com.modelbashir.NeuroMetrica;
				PRODUCT_NAME = "$(TARGET_NAME)";
				REGISTER_APP_GROUPS = YES;
				SDKROOT = auto;
				STRING_CATALOG_GENERATE_SYMBOLS = YES;
				SUPPORTED_PLATFORMS = "iphoneos iphonesimulator macosx xros xrsimulator";
				SWIFT_APPROACHABLE_CONCURRENCY = YES;
				SWIFT_DEFAULT_ACTOR_ISOLATION = MainActor;
				SWIFT_EMIT_LOC_STRINGS = YES;
				SWIFT_OPTIMIZATION_LEVEL = "-Onone";
				SWIFT_UPCOMING_FEATURE_MEMBER_IMPORT_VISIBILITY = YES;
				SWIFT_VERSION = 5.0;
				TARGETED_DEVICE_FAMILY = "1,2,7";
				XROS_DEPLOYMENT_TARGET = 26.0;
			};
			name = Debug;
		};
		FFB3E2372EC54F1900EBFFE6 /* Release */ = {
			isa = XCBuildConfiguration;
			buildSettings = {
				ASSETCATALOG_COMPILER_APPICON_NAME = NeurometricaIcon;
				ASSETCATALOG_COMPILER_GLOBAL_ACCENT_COLOR_NAME = AccentColor;
				ASSETCATALOG_COMPILER_INCLUDE_ALL_APPICON_ASSETS = YES;
				CLANG_ENABLE_MODULES = YES;
				CODE_SIGN_STYLE = Automatic;
				CURRENT_PROJECT_VERSION = 1;
				DEAD_CODE_STRIPPING = YES;
				DEVELOPMENT_TEAM = 3NCZ52UVDW;
				ENABLE_APP_SANDBOX = YES;
				ENABLE_HARDENED_RUNTIME = YES;
				ENABLE_PREVIEWS = YES;
				ENABLE_USER_SELECTED_FILES = readonly;
				GENERATE_INFOPLIST_FILE = YES;
				"INFOPLIST_KEY_UIApplicationSceneManifest_Generation[sdk=iphoneos*]" = YES;
				"INFOPLIST_KEY_UIApplicationSceneManifest_Generation[sdk=iphonesimulator*]" = YES;
				"INFOPLIST_KEY_UIApplicationSupportsIndirectInputEvents[sdk=iphoneos*]" = YES;
				"INFOPLIST_KEY_UIApplicationSupportsIndirectInputEvents[sdk=iphonesimulator*]" = YES;
				"INFOPLIST_KEY_UILaunchScreen_Generation[sdk=iphoneos*]" = NO;
				"INFOPLIST_KEY_UILaunchScreen_Generation[sdk=iphonesimulator*]" = NO;
				"INFOPLIST_KEY_UILaunchStoryboardName[sdk=iphoneos*]" = LaunchScreen;
				"INFOPLIST_KEY_UILaunchStoryboardName[sdk=iphonesimulator*]" = LaunchScreen;
				"INFOPLIST_KEY_UIStatusBarStyle[sdk=iphoneos*]" = UIStatusBarStyleDefault;
				"INFOPLIST_KEY_UIStatusBarStyle[sdk=iphonesimulator*]" = UIStatusBarStyleDefault;
				INFOPLIST_KEY_UISupportedInterfaceOrientations_iPad = "UIInterfaceOrientationPortrait UIInterfaceOrientationPortraitUpsideDown UIInterfaceOrientationLandscapeLeft UIInterfaceOrientationLandscapeRight";
				INFOPLIST_KEY_UISupportedInterfaceOrientations_iPhone = "UIInterfaceOrientationPortrait UIInterfaceOrientationLandscapeLeft UIInterfaceOrientationLandscapeRight";
				IPHONEOS_DEPLOYMENT_TARGET = 26.0;
				LD_RUNPATH_SEARCH_PATHS = "@executable_path/Frameworks";
				"LD_RUNPATH_SEARCH_PATHS[sdk=macosx*]" = "@executable_path/../Frameworks";
				MACOSX_DEPLOYMENT_TARGET = 26.0;
				MARKETING_VERSION = 1.0;
				PRODUCT_BUNDLE_IDENTIFIER = com.modelbashir.NeuroMetrica;
				PRODUCT_NAME = "$(TARGET_NAME)";
				REGISTER_APP_GROUPS = YES;
				SDKROOT = auto;
				STRING_CATALOG_GENERATE_SYMBOLS = YES;
				SUPPORTED_PLATFORMS = "iphoneos iphonesimulator macosx xros xrsimulator";
				SWIFT_APPROACHABLE_CONCURRENCY = YES;
				SWIFT_DEFAULT_ACTOR_ISOLATION = MainActor;
				SWIFT_EMIT_LOC_STRINGS = YES;
				SWIFT_UPCOMING_FEATURE_MEMBER_IMPORT_VISIBILITY = YES;
				SWIFT_VERSION = 5.0;
				TARGETED_DEVICE_FAMILY = "1,2,7";
				XROS_DEPLOYMENT_TARGET = 26.0;
			};
			name = Release;
		};
		FFB3E2392EC54F1900EBFFE6 /* Debug */ = {
			isa = XCBuildConfiguration;
			buildSettings = {
				BUNDLE_LOADER = "$(TEST_HOST)";
				CODE_SIGN_STYLE = Automatic;
				CURRENT_PROJECT_VERSION = 1;
				DEAD_CODE_STRIPPING = YES;
				DEVELOPMENT_TEAM = 3NCZ52UVDW;
				GENERATE_INFOPLIST_FILE = YES;
				IPHONEOS_DEPLOYMENT_TARGET = 26.0;
				MACOSX_DEPLOYMENT_TARGET = 26.0;
				MARKETING_VERSION = 1.0;
				PRODUCT_BUNDLE_IDENTIFIER = Personal.NeuroMetricaTests;
				PRODUCT_NAME = "$(TARGET_NAME)";
				SDKROOT = auto;
				STRING_CATALOG_GENERATE_SYMBOLS = NO;
				SUPPORTED_PLATFORMS = "iphoneos iphonesimulator macosx xros xrsimulator";
				SWIFT_APPROACHABLE_CONCURRENCY = YES;
				SWIFT_EMIT_LOC_STRINGS = NO;
				SWIFT_UPCOMING_FEATURE_MEMBER_IMPORT_VISIBILITY = YES;
				SWIFT_VERSION = 5.0;
				TARGETED_DEVICE_FAMILY = "1,2,7";
				TEST_HOST = "$(BUILT_PRODUCTS_DIR)/NeuroMetrica.app/$(BUNDLE_EXECUTABLE_FOLDER_PATH)/NeuroMetrica";
				XROS_DEPLOYMENT_TARGET = 26.0;
			};
			name = Debug;
		};
		FFB3E23A2EC54F1900EBFFE6 /* Release */ = {
			isa = XCBuildConfiguration;
			buildSettings = {
				BUNDLE_LOADER = "$(TEST_HOST)";
				CODE_SIGN_STYLE = Automatic;
				CURRENT_PROJECT_VERSION = 1;
				DEAD_CODE_STRIPPING = YES;
				DEVELOPMENT_TEAM = 3NCZ52UVDW;
				GENERATE_INFOPLIST_FILE = YES;
				IPHONEOS_DEPLOYMENT_TARGET = 26.0;
				MACOSX_DEPLOYMENT_TARGET = 26.0;
				MARKETING_VERSION = 1.0;
				PRODUCT_BUNDLE_IDENTIFIER = Personal.NeuroMetricaTests;
				PRODUCT_NAME = "$(TARGET_NAME)";
				SDKROOT = auto;
				STRING_CATALOG_GENERATE_SYMBOLS = NO;
				SUPPORTED_PLATFORMS = "iphoneos iphonesimulator macosx xros xrsimulator";
				SWIFT_APPROACHABLE_CONCURRENCY = YES;
				SWIFT_EMIT_LOC_STRINGS = NO;
				SWIFT_UPCOMING_FEATURE_MEMBER_IMPORT_VISIBILITY = YES;
				SWIFT_VERSION = 5.0;
				TARGETED_DEVICE_FAMILY = "1,2,7";
				TEST_HOST = "$(BUILT_PRODUCTS_DIR)/NeuroMetrica.app/$(BUNDLE_EXECUTABLE_FOLDER_PATH)/NeuroMetrica";
				XROS_DEPLOYMENT_TARGET = 26.0;
			};
			name = Release;
		};
		FFB3E23C2EC54F1900EBFFE6 /* Debug */ = {
			isa = XCBuildConfiguration;
			buildSettings = {
				CODE_SIGN_STYLE = Automatic;
				CURRENT_PROJECT_VERSION = 1;
				DEAD_CODE_STRIPPING = YES;
				DEVELOPMENT_TEAM = 3NCZ52UVDW;
				GENERATE_INFOPLIST_FILE = YES;
				IPHONEOS_DEPLOYMENT_TARGET = 26.0;
				MACOSX_DEPLOYMENT_TARGET = 26.0;
				MARKETING_VERSION = 1.0;
				PRODUCT_BUNDLE_IDENTIFIER = Personal.NeuroMetricaUITests;
				PRODUCT_NAME = "$(TARGET_NAME)";
				SDKROOT = auto;
				STRING_CATALOG_GENERATE_SYMBOLS = NO;
				SUPPORTED_PLATFORMS = "iphoneos iphonesimulator macosx xros xrsimulator";
				SWIFT_APPROACHABLE_CONCURRENCY = YES;
				SWIFT_EMIT_LOC_STRINGS = NO;
				SWIFT_UPCOMING_FEATURE_MEMBER_IMPORT_VISIBILITY = YES;
				SWIFT_VERSION = 5.0;
				TARGETED_DEVICE_FAMILY = "1,2,7";
				TEST_TARGET_NAME = NeuroMetrica;
				XROS_DEPLOYMENT_TARGET = 26.0;
			};
			name = Debug;
		};
		FFB3E23D2EC54F1900EBFFE6 /* Release */ = {
			isa = XCBuildConfiguration;
			buildSettings = {
				CODE_SIGN_STYLE = Automatic;
				CURRENT_PROJECT_VERSION = 1;
				DEAD_CODE_STRIPPING = YES;
				DEVELOPMENT_TEAM = 3NCZ52UVDW;
				GENERATE_INFOPLIST_FILE = YES;
				IPHONEOS_DEPLOYMENT_TARGET = 26.0;
				MACOSX_DEPLOYMENT_TARGET = 26.0;
				MARKETING_VERSION = 1.0;
				PRODUCT_BUNDLE_IDENTIFIER = Personal.NeuroMetricaUITests;
				PRODUCT_NAME = "$(TARGET_NAME)";
				SDKROOT = auto;
				STRING_CATALOG_GENERATE_SYMBOLS = NO;
				SUPPORTED_PLATFORMS = "iphoneos iphonesimulator macosx xros xrsimulator";
				SWIFT_APPROACHABLE_CONCURRENCY = YES;
				SWIFT_EMIT_LOC_STRINGS = NO;
				SWIFT_UPCOMING_FEATURE_MEMBER_IMPORT_VISIBILITY = YES;
				SWIFT_VERSION = 5.0;
				TARGETED_DEVICE_FAMILY = "1,2,7";
				TEST_TARGET_NAME = NeuroMetrica;
				XROS_DEPLOYMENT_TARGET = 26.0;
			};
			name = Release;
		};
/* End XCBuildConfiguration section */

/* Begin XCConfigurationList section */
		FFB3E20F2EC54F1600EBFFE6 /* Build configuration list for PBXProject "NeuroMetrica" */ = {
			isa = XCConfigurationList;
			buildConfigurations = (
				FFB3E2332EC54F1900EBFFE6 /* Debug */,
				FFB3E2342EC54F1900EBFFE6 /* Release */,
			);
			defaultConfigurationIsVisible = 0;
			defaultConfigurationName = Release;
		};
		FFB3E2352EC54F1900EBFFE6 /* Build configuration list for PBXNativeTarget "NeuroMetrica" */ = {
			isa = XCConfigurationList;
			buildConfigurations = (
				FFB3E2362EC54F1900EBFFE6 /* Debug */,
				FFB3E2372EC54F1900EBFFE6 /* Release */,
			);
			defaultConfigurationIsVisible = 0;
			defaultConfigurationName = Release;
		};
		FFB3E2382EC54F1900EBFFE6 /* Build configuration list for PBXNativeTarget "NeuroMetricaTests" */ = {
			isa = XCConfigurationList;
			buildConfigurations = (
				FFB3E2392EC54F1900EBFFE6 /* Debug */,
				FFB3E23A2EC54F1900EBFFE6 /* Release */,
			);
			defaultConfigurationIsVisible = 0;
			defaultConfigurationName = Release;
		};
		FFB3E23B2EC54F1900EBFFE6 /* Build configuration list for PBXNativeTarget "NeuroMetricaUITests" */ = {
			isa = XCConfigurationList;
			buildConfigurations = (
				FFB3E23C2EC54F1900EBFFE6 /* Debug */,
				FFB3E23D2EC54F1900EBFFE6 /* Release */,
			);
			defaultConfigurationIsVisible = 0;
			defaultConfigurationName = Release;
		};
/* End XCConfigurationList section */

/* Begin XCLocalSwiftPackageReference section */
		FF7BB3732EE1FCEE00643382 /* XCLocalSwiftPackageReference "../ChromaImagingCore" */ = {
			isa = XCLocalSwiftPackageReference;
			relativePath = ../ChromaImagingCore;
		};
		FF7BB3852EE244CE00643382 /* XCLocalSwiftPackageReference "../ChromaEnginekit" */ = {
			isa = XCLocalSwiftPackageReference;
			relativePath = ../ChromaEnginekit;
		};
/* End XCLocalSwiftPackageReference section */

/* Begin XCSwiftPackageProductDependency section */
		FF7BB3832EE2422700643382 /* ChromaEngineKit */ = {
			isa = XCSwiftPackageProductDependency;
			productName = ChromaEngineKit;
		};
		FF7BB3862EE244CE00643382 /* ChromaEngineKit */ = {
			isa = XCSwiftPackageProductDependency;
			productName = ChromaEngineKit;
		};
/* End XCSwiftPackageProductDependency section */
	};
	rootObject = FFB3E20C2EC54F1600EBFFE6 /* Project object */;
}
